
Microsoft Visual Studio Solution File, Format Version 12.00
# Visual Studio Version 17
VisualStudioVersion = 17.2.32602.215
MinimumVisualStudioVersion = 10.0.40219.1
Project("{FAE04EC0-301F-11D3-BF4B-00C04F79EFBC}") = "CpmPedidos.Domain", "CpmPedidos.Domain\CpmPedidos.Domain.csproj", "{E7A8A19C-C680-40ED-8D24-50E323A086A6}"
EndProject
Project("{FAE04EC0-301F-11D3-BF4B-00C04F79EFBC}") = "CpmPedidos.Interface", "CpmPedidos.Interface\CpmPedidos.Interface.csproj", "{41E61119-DF0D-4931-AA47-319E9E2AFE21}"
EndProject
Project("{FAE04EC0-301F-11D3-BF4B-00C04F79EFBC}") = "CpmPedidos.Repository", "CpmPedidos.Repository\CpmPedidos.Repository.csproj", "{F421066C-AFDD-4D25-8B95-5D55CF877B00}"
EndProject
Project("{FAE04EC0-301F-11D3-BF4B-00C04F79EFBC}") = "CpmPedidos.API", "CpmPedidos.API\CpmPedidos.API.csproj", "{15FB2260-E0CB-4395-84AD-42E8093711CE}"
EndProject
Global
	GlobalSection(SolutionConfigurationPlatforms) = preSolution
		Debug|Any CPU = Debug|Any CPU
		Release|Any CPU = Release|Any CPU
	EndGlobalSection
	GlobalSection(ProjectConfigurationPlatforms) = postSolution
		{E7A8A19C-C680-40ED-8D24-50E323A086A6}.Debug|Any CPU.ActiveCfg = Debug|Any CPU
		{E7A8A19C-C680-40ED-8D24-50E323A086A6}.Debug|Any CPU.Build.0 = Debug|Any CPU
		{E7A8A19C-C680-40ED-8D24-50E323A086A6}.Release|Any CPU.ActiveCfg = Release|Any CPU
		{E7A8A19C-C680-40ED-8D24-50E323A086A6}.Release|Any CPU.Build.0 = Release|Any CPU
		{41E61119-DF0D-4931-AA47-319E9E2AFE21}.Debug|Any CPU.ActiveCfg = Debug|Any CPU
		{41E61119-DF0D-4931-AA47-319E9E2AFE21}.Debug|Any CPU.Build.0 = Debug|Any CPU
		{41E61119-DF0D-4931-AA47-319E9E2AFE21}.Release|Any CPU.ActiveCfg = Release|Any CPU
		{41E61119-DF0D-4931-AA47-319E9E2AFE21}.Release|Any CPU.Build.0 = Release|Any CPU
		{F421066C-AFDD-4D25-8B95-5D55CF877B00}.Debug|Any CPU.ActiveCfg = Debug|Any CPU
		{F421066C-AFDD-4D25-8B95-5D55CF877B00}.Debug|Any CPU.Build.0 = Debug|Any CPU
		{F421066C-AFDD-4D25-8B95-5D55CF877B00}.Release|Any CPU.ActiveCfg = Release|Any CPU
		{F421066C-AFDD-4D25-8B95-5D55CF877B00}.Release|Any CPU.Build.0 = Release|Any CPU
		{15FB2260-E0CB-4395-84AD-42E8093711CE}.Debug|Any CPU.ActiveCfg = Debug|Any CPU
		{15FB2260-E0CB-4395-84AD-42E8093711CE}.Debug|Any CPU.Build.0 = Debug|Any CPU
		{15FB2260-E0CB-4395-84AD-42E8093711CE}.Release|Any CPU.ActiveCfg = Release|Any CPU
		{15FB2260-E0CB-4395-84AD-42E8093711CE}.Release|Any CPU.Build.0 = Release|Any CPU
	EndGlobalSection
	GlobalSection(SolutionProperties) = preSolution
		HideSolutionNode = FALSE
	EndGlobalSection
	GlobalSection(ExtensibilityGlobals) = postSolution
		SolutionGuid = {43A4AED3-995F-49B8-8774-A98F6B2592B8}
	EndGlobalSection
EndGlobal
